// !$*UTF8*$!
{
	archiveVersion = 1;
	classes = {
	};
	objectVersion = 55;
	objects = {

/* Begin PBXBuildFile section */
		4998AE001537DA79DC6BA1C9 /* Pods_DispatchGroup.framework in Frameworks */ = {isa = PBXBuildFile; fileRef = B84A263571C25889BD60FE73 /* Pods_DispatchGroup.framework */; };
		6F03F428299D185700E0E359 /* AppDelegate.swift in Sources */ = {isa = PBXBuildFile; fileRef = 6F03F427299D185700E0E359 /* AppDelegate.swift */; };
		6F03F42A299D185700E0E359 /* SceneDelegate.swift in Sources */ = {isa = PBXBuildFile; fileRef = 6F03F429299D185700E0E359 /* SceneDelegate.swift */; };
		6F03F42C299D185700E0E359 /* ViewController.swift in Sources */ = {isa = PBXBuildFile; fileRef = 6F03F42B299D185700E0E359 /* ViewController.swift */; };
		6F03F42F299D185700E0E359 /* Main.storyboard in Resources */ = {isa = PBXBuildFile; fileRef = 6F03F42D299D185700E0E359 /* Main.storyboard */; };
		6F03F431299D185800E0E359 /* Assets.xcassets in Resources */ = {isa = PBXBuildFile; fileRef = 6F03F430299D185800E0E359 /* Assets.xcassets */; };
		6F03F434299D185800E0E359 /* LaunchScreen.storyboard in Resources */ = {isa = PBXBuildFile; fileRef = 6F03F432299D185800E0E359 /* LaunchScreen.storyboard */; };
		6F03F43D299D310500E0E359 /* ImageSearch.swift in Sources */ = {isa = PBXBuildFile; fileRef = 6F03F43C299D310500E0E359 /* ImageSearch.swift */; };
		6F52428E299E993600CC9279 /* GetImageNetwork.swift in Sources */ = {isa = PBXBuildFile; fileRef = 6F52428D299E993600CC9279 /* GetImageNetwork.swift */; };
		6F7D084929A27D27009115B1 /* UIImageView+Extention.swift in Sources */ = {isa = PBXBuildFile; fileRef = 6F7D084829A27D27009115B1 /* UIImageView+Extention.swift */; };
/* End PBXBuildFile section */

/* Begin PBXFileReference section */
		09E4428C42A4D618695B7468 /* Pods-DispatchGroup.release.xcconfig */ = {isa = PBXFileReference; includeInIndex = 1; lastKnownFileType = text.xcconfig; name = "Pods-DispatchGroup.release.xcconfig"; path = "Target Support Files/Pods-DispatchGroup/Pods-DispatchGroup.release.xcconfig"; sourceTree = "<group>"; };
		6F03F424299D185700E0E359 /* DispatchGroup.app */ = {isa = PBXFileReference; explicitFileType = wrapper.application; includeInIndex = 0; path = DispatchGroup.app; sourceTree = BUILT_PRODUCTS_DIR; };
		6F03F427299D185700E0E359 /* AppDelegate.swift */ = {isa = PBXFileReference; lastKnownFileType = sourcecode.swift; path = AppDelegate.swift; sourceTree = "<group>"; };
		6F03F429299D185700E0E359 /* SceneDelegate.swift */ = {isa = PBXFileReference; lastKnownFileType = sourcecode.swift; path = SceneDelegate.swift; sourceTree = "<group>"; };
		6F03F42B299D185700E0E359 /* ViewController.swift */ = {isa = PBXFileReference; lastKnownFileType = sourcecode.swift; path = ViewController.swift; sourceTree = "<group>"; };
		6F03F42E299D185700E0E359 /* Base */ = {isa = PBXFileReference; lastKnownFileType = file.storyboard; name = Base; path = Base.lproj/Main.storyboard; sourceTree = "<group>"; };
		6F03F430299D185800E0E359 /* Assets.xcassets */ = {isa = PBXFileReference; lastKnownFileType = folder.assetcatalog; path = Assets.xcassets; sourceTree = "<group>"; };
		6F03F433299D185800E0E359 /* Base */ = {isa = PBXFileReference; lastKnownFileType = file.storyboard; name = Base; path = Base.lproj/LaunchScreen.storyboard; sourceTree = "<group>"; };
		6F03F435299D185800E0E359 /* Info.plist */ = {isa = PBXFileReference; lastKnownFileType = text.plist.xml; path = Info.plist; sourceTree = "<group>"; };
		6F03F43C299D310500E0E359 /* ImageSearch.swift */ = {isa = PBXFileReference; lastKnownFileType = sourcecode.swift; path = ImageSearch.swift; sourceTree = "<group>"; };
		6F52428D299E993600CC9279 /* GetImageNetwork.swift */ = {isa = PBXFileReference; lastKnownFileType = sourcecode.swift; path = GetImageNetwork.swift; sourceTree = "<group>"; };
		6F7D084829A27D27009115B1 /* UIImageView+Extention.swift */ = {isa = PBXFileReference; lastKnownFileType = sourcecode.swift; path = "UIImageView+Extention.swift"; sourceTree = "<group>"; };
		B84A263571C25889BD60FE73 /* Pods_DispatchGroup.framework */ = {isa = PBXFileReference; explicitFileType = wrapper.framework; includeInIndex = 0; path = Pods_DispatchGroup.framework; sourceTree = BUILT_PRODUCTS_DIR; };
		C9F73416F3270CD2543D8F85 /* Pods-DispatchGroup.debug.xcconfig */ = {isa = PBXFileReference; includeInIndex = 1; lastKnownFileType = text.xcconfig; name = "Pods-DispatchGroup.debug.xcconfig"; path = "Target Support Files/Pods-DispatchGroup/Pods-DispatchGroup.debug.xcconfig"; sourceTree = "<group>"; };
/* End PBXFileReference section */

/* Begin PBXFrameworksBuildPhase section */
		6F03F421299D185700E0E359 /* Frameworks */ = {
			isa = PBXFrameworksBuildPhase;
			buildActionMask = 2147483647;
			files = (
				4998AE001537DA79DC6BA1C9 /* Pods_DispatchGroup.framework in Frameworks */,
			);
			runOnlyForDeploymentPostprocessing = 0;
		};
/* End PBXFrameworksBuildPhase section */

/* Begin PBXGroup section */
		6F03F41B299D185700E0E359 = {
			isa = PBXGroup;
			children = (
				6F03F426299D185700E0E359 /* DispatchGroup */,
				6F03F425299D185700E0E359 /* Products */,
				AA0B258D6402DD23A7BAF03D /* Pods */,
				D65023702D82D1D861EE0ED7 /* Frameworks */,
			);
			sourceTree = "<group>";
		};
		6F03F425299D185700E0E359 /* Products */ = {
			isa = PBXGroup;
			children = (
				6F03F424299D185700E0E359 /* DispatchGroup.app */,
			);
			name = Products;
			sourceTree = "<group>";
		};
		6F03F426299D185700E0E359 /* DispatchGroup */ = {
			isa = PBXGroup;
			children = (
				6F7D084729A27D0C009115B1 /* Utilites */,
				6F52428C299E991D00CC9279 /* Network */,
				6F03F43B299D30F300E0E359 /* Model */,
				6F03F427299D185700E0E359 /* AppDelegate.swift */,
				6F03F429299D185700E0E359 /* SceneDelegate.swift */,
				6F03F42B299D185700E0E359 /* ViewController.swift */,
				6F03F42D299D185700E0E359 /* Main.storyboard */,
				6F03F430299D185800E0E359 /* Assets.xcassets */,
				6F03F432299D185800E0E359 /* LaunchScreen.storyboard */,
				6F03F435299D185800E0E359 /* Info.plist */,
			);
			path = DispatchGroup;
			sourceTree = "<group>";
		};
		6F03F43B299D30F300E0E359 /* Model */ = {
			isa = PBXGroup;
			children = (
				6F03F43C299D310500E0E359 /* ImageSearch.swift */,
			);
			path = Model;
			sourceTree = "<group>";
		};
		6F52428C299E991D00CC9279 /* Network */ = {
			isa = PBXGroup;
			children = (
				6F52428D299E993600CC9279 /* GetImageNetwork.swift */,
			);
			path = Network;
			sourceTree = "<group>";
		};
		6F7D084729A27D0C009115B1 /* Utilites */ = {
			isa = PBXGroup;
			children = (
				6F7D084829A27D27009115B1 /* UIImageView+Extention.swift */,
			);
			path = Utilites;
			sourceTree = "<group>";
		};
		AA0B258D6402DD23A7BAF03D /* Pods */ = {
			isa = PBXGroup;
			children = (
				C9F73416F3270CD2543D8F85 /* Pods-DispatchGroup.debug.xcconfig */,
				09E4428C42A4D618695B7468 /* Pods-DispatchGroup.release.xcconfig */,
			);
			path = Pods;
			sourceTree = "<group>";
		};
		D65023702D82D1D861EE0ED7 /* Frameworks */ = {
			isa = PBXGroup;
			children = (
				B84A263571C25889BD60FE73 /* Pods_DispatchGroup.framework */,
			);
			name = Frameworks;
			sourceTree = "<group>";
		};
/* End PBXGroup section */

/* Begin PBXNativeTarget section */
		6F03F423299D185700E0E359 /* DispatchGroup */ = {
			isa = PBXNativeTarget;
			buildConfigurationList = 6F03F438299D185800E0E359 /* Build configuration list for PBXNativeTarget "DispatchGroup" */;
			buildPhases = (
				CC0E26AE410D98A00430673A /* [CP] Check Pods Manifest.lock */,
				6F03F420299D185700E0E359 /* Sources */,
				6F03F421299D185700E0E359 /* Frameworks */,
				6F03F422299D185700E0E359 /* Resources */,
				DC06597786AABFC16BF89CA6 /* [CP] Embed Pods Frameworks */,
			);
			buildRules = (
			);
			dependencies = (
			);
			name = DispatchGroup;
			productName = DispatchGroup;
			productReference = 6F03F424299D185700E0E359 /* DispatchGroup.app */;
			productType = "com.apple.product-type.application";
		};
/* End PBXNativeTarget section */

/* Begin PBXProject section */
		6F03F41C299D185700E0E359 /* Project object */ = {
			isa = PBXProject;
			attributes = {
				BuildIndependentTargetsInParallel = 1;
				LastSwiftUpdateCheck = 1420;
				LastUpgradeCheck = 1420;
				TargetAttributes = {
					6F03F423299D185700E0E359 = {
						CreatedOnToolsVersion = 14.2;
					};
				};
			};
			buildConfigurationList = 6F03F41F299D185700E0E359 /* Build configuration list for PBXProject "DispatchGroup" */;
			compatibilityVersion = "Xcode 13.0";
			developmentRegion = en;
			hasScannedForEncodings = 0;
			knownRegions = (
				en,
				Base,
			);
			mainGroup = 6F03F41B299D185700E0E359;
			productRefGroup = 6F03F425299D185700E0E359 /* Products */;
			projectDirPath = "";
			projectRoot = "";
			targets = (
				6F03F423299D185700E0E359 /* DispatchGroup */,
			);
		};
/* End PBXProject section */

/* Begin PBXResourcesBuildPhase section */
		6F03F422299D185700E0E359 /* Resources */ = {
			isa = PBXResourcesBuildPhase;
			buildActionMask = 2147483647;
			files = (
				6F03F434299D185800E0E359 /* LaunchScreen.storyboard in Resources */,
				6F03F431299D185800E0E359 /* Assets.xcassets in Resources */,
				6F03F42F299D185700E0E359 /* Main.storyboard in Resources */,
			);
			runOnlyForDeploymentPostprocessing = 0;
		};
/* End PBXResourcesBuildPhase section */

/* Begin PBXShellScriptBuildPhase section */
		CC0E26AE410D98A00430673A /* [CP] Check Pods Manifest.lock */ = {
			isa = PBXShellScriptBuildPhase;
			buildActionMask = 2147483647;
			files = (
			);
			inputFileListPaths = (
			);
			inputPaths = (
				"${PODS_PODFILE_DIR_PATH}/Podfile.lock",
				"${PODS_ROOT}/Manifest.lock",
			);
			name = "[CP] Check Pods Manifest.lock";
			outputFileListPaths = (
			);
			outputPaths = (
				"$(DERIVED_FILE_DIR)/Pods-DispatchGroup-checkManifestLockResult.txt",
			);
			runOnlyForDeploymentPostprocessing = 0;
			shellPath = /bin/sh;
			shellScript = "diff \"${PODS_PODFILE_DIR_PATH}/Podfile.lock\" \"${PODS_ROOT}/Manifest.lock\" > /dev/null\nif [ $? != 0 ] ; then\n    # print error to STDERR\n    echo \"error: The sandbox is not in sync with the Podfile.lock. Run 'pod install' or update your CocoaPods installation.\" >&2\n    exit 1\nfi\n# This output is used by Xcode 'outputs' to avoid re-running this script phase.\necho \"SUCCESS\" > \"${SCRIPT_OUTPUT_FILE_0}\"\n";
			showEnvVarsInLog = 0;
		};
		DC06597786AABFC16BF89CA6 /* [CP] Embed Pods Frameworks */ = {
			isa = PBXShellScriptBuildPhase;
			buildActionMask = 2147483647;
			files = (
			);
			inputFileListPaths = (
				"${PODS_ROOT}/Target Support Files/Pods-DispatchGroup/Pods-DispatchGroup-frameworks-${CONFIGURATION}-input-files.xcfilelist",
			);
			name = "[CP] Embed Pods Frameworks";
			outputFileListPaths = (
				"${PODS_ROOT}/Target Support Files/Pods-DispatchGroup/Pods-DispatchGroup-frameworks-${CONFIGURATION}-output-files.xcfilelist",
			);
			runOnlyForDeploymentPostprocessing = 0;
			shellPath = /bin/sh;
			shellScript = "\"${PODS_ROOT}/Target Support Files/Pods-DispatchGroup/Pods-DispatchGroup-frameworks.sh\"\n";
			showEnvVarsInLog = 0;
		};
/* End PBXShellScriptBuildPhase section */

/* Begin PBXSourcesBuildPhase section */
		6F03F420299D185700E0E359 /* Sources */ = {
			isa = PBXSourcesBuildPhase;
			buildActionMask = 2147483647;
			files = (
				6F03F42C299D185700E0E359 /* ViewController.swift in Sources */,
				6F7D084929A27D27009115B1 /* UIImageView+Extention.swift in Sources */,
				6F03F43D299D310500E0E359 /* ImageSearch.swift in Sources */,
				6F03F428299D185700E0E359 /* AppDelegate.swift in Sources */,
				6F03F42A299D185700E0E359 /* SceneDelegate.swift in Sources */,
				6F52428E299E993600CC9279 /* GetImageNetwork.swift in Sources */,
			);
			runOnlyForDeploymentPostprocessing = 0;
		};
/* End PBXSourcesBuildPhase section */

/* Begin PBXVariantGroup section */
		6F03F42D299D185700E0E359 /* Main.storyboard */ = {
			isa = PBXVariantGroup;
			children = (
				6F03F42E299D185700E0E359 /* Base */,
			);
			name = Main.storyboard;
			sourceTree = "<group>";
		};
		6F03F432299D185800E0E359 /* LaunchScreen.storyboard */ = {
			isa = PBXVariantGroup;
			children = (
				6F03F433299D185800E0E359 /* Base */,
			);
			name = LaunchScreen.storyboard;
			sourceTree = "<group>";
		};
/* End PBXVariantGroup section */

/* Begin XCBuildConfiguration section */
		6F03F436299D185800E0E359 /* Debug */ = {
			isa = XCBuildConfiguration;
			buildSettings = {
				ALWAYS_SEARCH_USER_PATHS = NO;
				CLANG_ANALYZER_NONNULL = YES;
				CLANG_ANALYZER_NUMBER_OBJECT_CONVERSION = YES_AGGRESSIVE;
				CLANG_CXX_LANGUAGE_STANDARD = "gnu++20";
				CLANG_ENABLE_MODULES = YES;
				CLANG_ENABLE_OBJC_ARC = YES;
				CLANG_ENABLE_OBJC_WEAK = YES;
				CLANG_WARN_BLOCK_CAPTURE_AUTORELEASING = YES;
				CLANG_WARN_BOOL_CONVERSION = YES;
				CLANG_WARN_COMMA = YES;
				CLANG_WARN_CONSTANT_CONVERSION = YES;
				CLANG_WARN_DEPRECATED_OBJC_IMPLEMENTATIONS = YES;
				CLANG_WARN_DIRECT_OBJC_ISA_USAGE = YES_ERROR;
				CLANG_WARN_DOCUMENTATION_COMMENTS = YES;
				CLANG_WARN_EMPTY_BODY = YES;
				CLANG_WARN_ENUM_CONVERSION = YES;
				CLANG_WARN_INFINITE_RECURSION = YES;
				CLANG_WARN_INT_CONVERSION = YES;
				CLANG_WARN_NON_LITERAL_NULL_CONVERSION = YES;
				CLANG_WARN_OBJC_IMPLICIT_RETAIN_SELF = YES;
				CLANG_WARN_OBJC_LITERAL_CONVERSION = YES;
				CLANG_WARN_OBJC_ROOT_CLASS = YES_ERROR;
				CLANG_WARN_QUOTED_INCLUDE_IN_FRAMEWORK_HEADER = YES;
				CLANG_WARN_RANGE_LOOP_ANALYSIS = YES;
				CLANG_WARN_STRICT_PROTOTYPES = YES;
				CLANG_WARN_SUSPICIOUS_MOVE = YES;
				CLANG_WARN_UNGUARDED_AVAILABILITY = YES_AGGRESSIVE;
				CLANG_WARN_UNREACHABLE_CODE = YES;
				CLANG_WARN__DUPLICATE_METHOD_MATCH = YES;
				COPY_PHASE_STRIP = NO;
				DEBUG_INFORMATION_FORMAT = dwarf;
				ENABLE_STRICT_OBJC_MSGSEND = YES;
				ENABLE_TESTABILITY = YES;
				GCC_C_LANGUAGE_STANDARD = gnu11;
				GCC_DYNAMIC_NO_PIC = NO;
				GCC_NO_COMMON_BLOCKS = YES;
				GCC_OPTIMIZATION_LEVEL = 0;
				GCC_PREPROCESSOR_DEFINITIONS = (
					"DEBUG=1",
					"$(inherited)",
				);
				GCC_WARN_64_TO_32_BIT_CONVERSION = YES;
				GCC_WARN_ABOUT_RETURN_TYPE = YES_ERROR;
				GCC_WARN_UNDECLARED_SELECTOR = YES;
				GCC_WARN_UNINITIALIZED_AUTOS = YES_AGGRESSIVE;
				GCC_WARN_UNUSED_FUNCTION = YES;
				GCC_WARN_UNUSED_VARIABLE = YES;
				IPHONEOS_DEPLOYMENT_TARGET = 16.2;
				MTL_ENABLE_DEBUG_INFO = INCLUDE_SOURCE;
				MTL_FAST_MATH = YES;
				ONLY_ACTIVE_ARCH = YES;
				SDKROOT = iphoneos;
				SWIFT_ACTIVE_COMPILATION_CONDITIONS = DEBUG;
				SWIFT_OPTIMIZATION_LEVEL = "-Onone";
			};
			name = Debug;
		};
		6F03F437299D185800E0E359 /* Release */ = {
			isa = XCBuildConfiguration;
			buildSettings = {
				ALWAYS_SEARCH_USER_PATHS = NO;
				CLANG_ANALYZER_NONNULL = YES;
				CLANG_ANALYZER_NUMBER_OBJECT_CONVERSION = YES_AGGRESSIVE;
				CLANG_CXX_LANGUAGE_STANDARD = "gnu++20";
				CLANG_ENABLE_MODULES = YES;
				CLANG_ENABLE_OBJC_ARC = YES;
				CLANG_ENABLE_OBJC_WEAK = YES;
				CLANG_WARN_BLOCK_CAPTURE_AUTORELEASING = YES;
				CLANG_WARN_BOOL_CONVERSION = YES;
				CLANG_WARN_COMMA = YES;
				CLANG_WARN_CONSTANT_CONVERSION = YES;
				CLANG_WARN_DEPRECATED_OBJC_IMPLEMENTATIONS = YES;
				CLANG_WARN_DIRECT_OBJC_ISA_USAGE = YES_ERROR;
				CLANG_WARN_DOCUMENTATION_COMMENTS = YES;
				CLANG_WARN_EMPTY_BODY = YES;
				CLANG_WARN_ENUM_CONVERSION = YES;
				CLANG_WARN_INFINITE_RECURSION = YES;
				CLANG_WARN_INT_CONVERSION = YES;
				CLANG_WARN_NON_LITERAL_NULL_CONVERSION = YES;
				CLANG_WARN_OBJC_IMPLICIT_RETAIN_SELF = YES;
				CLANG_WARN_OBJC_LITERAL_CONVERSION = YES;
				CLANG_WARN_OBJC_ROOT_CLASS = YES_ERROR;
				CLANG_WARN_QUOTED_INCLUDE_IN_FRAMEWORK_HEADER = YES;
				CLANG_WARN_RANGE_LOOP_ANALYSIS = YES;
				CLANG_WARN_STRICT_PROTOTYPES = YES;
				CLANG_WARN_SUSPICIOUS_MOVE = YES;
				CLANG_WARN_UNGUARDED_AVAILABILITY = YES_AGGRESSIVE;
				CLANG_WARN_UNREACHABLE_CODE = YES;
				CLANG_WARN__DUPLICATE_METHOD_MATCH = YES;
				COPY_PHASE_STRIP = NO;
				DEBUG_INFORMATION_FORMAT = "dwarf-with-dsym";
				ENABLE_NS_ASSERTIONS = NO;
				ENABLE_STRICT_OBJC_MSGSEND = YES;
				GCC_C_LANGUAGE_STANDARD = gnu11;
				GCC_NO_COMMON_BLOCKS = YES;
				GCC_WARN_64_TO_32_BIT_CONVERSION = YES;
				GCC_WARN_ABOUT_RETURN_TYPE = YES_ERROR;
				GCC_WARN_UNDECLARED_SELECTOR = YES;
				GCC_WARN_UNINITIALIZED_AUTOS = YES_AGGRESSIVE;
				GCC_WARN_UNUSED_FUNCTION = YES;
				GCC_WARN_UNUSED_VARIABLE = YES;
				IPHONEOS_DEPLOYMENT_TARGET = 16.2;
				MTL_ENABLE_DEBUG_INFO = NO;
				MTL_FAST_MATH = YES;
				SDKROOT = iphoneos;
				SWIFT_COMPILATION_MODE = wholemodule;
				SWIFT_OPTIMIZATION_LEVEL = "-O";
				VALIDATE_PRODUCT = YES;
			};
			name = Release;
		};
		6F03F439299D185800E0E359 /* Debug */ = {
			isa = XCBuildConfiguration;
			baseConfigurationReference = C9F73416F3270CD2543D8F85 /* Pods-DispatchGroup.debug.xcconfig */;
			buildSettings = {
				ASSETCATALOG_COMPILER_APPICON_NAME = AppIcon;
				ASSETCATALOG_COMPILER_GLOBAL_ACCENT_COLOR_NAME = AccentColor;
				CODE_SIGN_STYLE = Automatic;
				CURRENT_PROJECT_VERSION = 1;
				DEVELOPMENT_TEAM = WQRJHG7W7C;
				GENERATE_INFOPLIST_FILE = YES;
				INFOPLIST_FILE = DispatchGroup/Info.plist;
				INFOPLIST_KEY_UIApplicationSupportsIndirectInputEvents = YES;
				INFOPLIST_KEY_UILaunchStoryboardName = LaunchScreen;
				INFOPLIST_KEY_UIMainStoryboardFile = Main;
				INFOPLIST_KEY_UISupportedInterfaceOrientations_iPad = "UIInterfaceOrientationPortrait UIInterfaceOrientationPortraitUpsideDown UIInterfaceOrientationLandscapeLeft UIInterfaceOrientationLandscapeRight";
				INFOPLIST_KEY_UISupportedInterfaceOrientations_iPhone = "UIInterfaceOrientationPortrait UIInterfaceOrientationLandscapeLeft UIInterfaceOrientationLandscapeRight";
				LD_RUNPATH_SEARCH_PATHS = (
					"$(inherited)",
					"@executable_path/Frameworks",
				);
				MARKETING_VERSION = 1.0;
				PRODUCT_BUNDLE_IDENTIFIER = TigranVilasyan.DispatchGroup;
				PRODUCT_NAME = "$(TARGET_NAME)";
				SWIFT_EMIT_LOC_STRINGS = YES;
				SWIFT_VERSION = 5.0;
				TARGETED_DEVICE_FAMILY = "1,2";
			};
			name = Debug;
		};
		6F03F43A299D185800E0E359 /* Release */ = {
			isa = XCBuildConfiguration;
			baseConfigurationReference = 09E4428C42A4D618695B7468 /* Pods-DispatchGroup.release.xcconfig */;
			buildSettings = {
				ASSETCATALOG_COMPILER_APPICON_NAME = AppIcon;
				ASSETCATALOG_COMPILER_GLOBAL_ACCENT_COLOR_NAME = AccentColor;
				CODE_SIGN_STYLE = Automatic;
				CURRENT_PROJECT_VERSION = 1;
				DEVELOPMENT_TEAM = WQRJHG7W7C;
				GENERATE_INFOPLIST_FILE = YES;
				INFOPLIST_FILE = DispatchGroup/Info.plist;
				INFOPLIST_KEY_UIApplicationSupportsIndirectInputEvents = YES;
				INFOPLIST_KEY_UILaunchStoryboardName = LaunchScreen;
				INFOPLIST_KEY_UIMainStoryboardFile = Main;
				INFOPLIST_KEY_UISupportedInterfaceOrientations_iPad = "UIInterfaceOrientationPortrait UIInterfaceOrientationPortraitUpsideDown UIInterfaceOrientationLandscapeLeft UIInterfaceOrientationLandscapeRight";
				INFOPLIST_KEY_UISupportedInterfaceOrientations_iPhone = "UIInterfaceOrientationPortrait UIInterfaceOrientationLandscapeLeft UIInterfaceOrientationLandscapeRight";
				LD_RUNPATH_SEARCH_PATHS = (
					"$(inherited)",
					"@executable_path/Frameworks",
				);
				MARKETING_VERSION = 1.0;
				PRODUCT_BUNDLE_IDENTIFIER = TigranVilasyan.DispatchGroup;
				PRODUCT_NAME = "$(TARGET_NAME)";
				SWIFT_EMIT_LOC_STRINGS = YES;
				SWIFT_VERSION = 5.0;
				TARGETED_DEVICE_FAMILY = "1,2";
			};
			name = Release;
		};
/* End XCBuildConfiguration section */

/* Begin XCConfigurationList section */
		6F03F41F299D185700E0E359 /* Build configuration list for PBXProject "DispatchGroup" */ = {
			isa = XCConfigurationList;
			buildConfigurations = (
				6F03F436299D185800E0E359 /* Debug */,
				6F03F437299D185800E0E359 /* Release */,
			);
			defaultConfigurationIsVisible = 0;
			defaultConfigurationName = Release;
		};
		6F03F438299D185800E0E359 /* Build configuration list for PBXNativeTarget "DispatchGroup" */ = {
			isa = XCConfigurationList;
			buildConfigurations = (
				6F03F439299D185800E0E359 /* Debug */,
				6F03F43A299D185800E0E359 /* Release */,
			);
			defaultConfigurationIsVisible = 0;
			defaultConfigurationName = Release;
		};
/* End XCConfigurationList section */
	};
	rootObject = 6F03F41C299D185700E0E359 /* Project object */;
}
